// !$*UTF8*$!
{
	archiveVersion = 1;
	classes = {
	};
	objectVersion = 48;
	objects = {

/* Begin PBXBuildFile section */
		00C821B91FB14EEF00FE9CED /* AppDelegate.swift in Sources */ = {isa = PBXBuildFile; fileRef = 00C821B81FB14EEF00FE9CED /* AppDelegate.swift */; };
		00C821BB1FB14EEF00FE9CED /* ViewController.swift in Sources */ = {isa = PBXBuildFile; fileRef = 00C821BA1FB14EEF00FE9CED /* ViewController.swift */; };
		00C821BE1FB14EEF00FE9CED /* Main.storyboard in Resources */ = {isa = PBXBuildFile; fileRef = 00C821BC1FB14EEF00FE9CED /* Main.storyboard */; };
		00C821C01FB14EEF00FE9CED /* Assets.xcassets in Resources */ = {isa = PBXBuildFile; fileRef = 00C821BF1FB14EEF00FE9CED /* Assets.xcassets */; };
		00C821C31FB14EEF00FE9CED /* LaunchScreen.storyboard in Resources */ = {isa = PBXBuildFile; fileRef = 00C821C11FB14EEF00FE9CED /* LaunchScreen.storyboard */; };
		00C821CB1FB14F1300FE9CED /* XZCalculator.swift in Sources */ = {isa = PBXBuildFile; fileRef = 00C821CA1FB14F1300FE9CED /* XZCalculator.swift */; };
		00C821CD1FB1577900FE9CED /* NSObject+XZCalculator.swift in Sources */ = {isa = PBXBuildFile; fileRef = 00C821CC1FB1577900FE9CED /* NSObject+XZCalculator.swift */; };
/* End PBXBuildFile section */

/* Begin PBXFileReference section */
		00C821B51FB14EEF00FE9CED /* CalculatorForSwift.app */ = {isa = PBXFileReference; explicitFileType = wrapper.application; includeInIndex = 0; path = CalculatorForSwift.app; sourceTree = BUILT_PRODUCTS_DIR; };
		00C821B81FB14EEF00FE9CED /* AppDelegate.swift */ = {isa = PBXFileReference; lastKnownFileType = sourcecode.swift; path = AppDelegate.swift; sourceTree = "<group>"; };
		00C821BA1FB14EEF00FE9CED /* ViewController.swift */ = {isa = PBXFileReference; lastKnownFileType = sourcecode.swift; path = ViewController.swift; sourceTree = "<group>"; };
		00C821BD1FB14EEF00FE9CED /* Base */ = {isa = PBXFileReference; lastKnownFileType = file.storyboard; name = Base; path = Base.lproj/Main.storyboard; sourceTree = "<group>"; };
		00C821BF1FB14EEF00FE9CED /* Assets.xcassets */ = {isa = PBXFileReference; lastKnownFileType = folder.assetcatalog; path = Assets.xcassets; sourceTree = "<group>"; };
		00C821C21FB14EEF00FE9CED /* Base */ = {isa = PBXFileReference; lastKnownFileType = file.storyboard; name = Base; path = Base.lproj/LaunchScreen.storyboard; sourceTree = "<group>"; };
		00C821C41FB14EEF00FE9CED /* Info.plist */ = {isa = PBXFileReference; lastKnownFileType = text.plist.xml; path = Info.plist; sourceTree = "<group>"; };
		00C821CA1FB14F1300FE9CED /* XZCalculator.swift */ = {isa = PBXFileReference; lastKnownFileType = sourcecode.swift; path = XZCalculator.swift; sourceTree = "<group>"; };
		00C821CC1FB1577900FE9CED /* NSObject+XZCalculator.swift */ = {isa = PBXFileReference; lastKnownFileType = sourcecode.swift; path = "NSObject+XZCalculator.swift"; sourceTree = "<group>"; };
/* End PBXFileReference section */

/* Begin PBXFrameworksBuildPhase section */
		00C821B21FB14EEF00FE9CED /* Frameworks */ = {
			isa = PBXFrameworksBuildPhase;
			buildActionMask = 2147483647;
			files = (
			);
			runOnlyForDeploymentPostprocessing = 0;
		};
/* End PBXFrameworksBuildPhase section */

/* Begin PBXGroup section */
		00C821AC1FB14EEF00FE9CED = {
			isa = PBXGroup;
			children = (
				00C821B71FB14EEF00FE9CED /* CalculatorForSwift */,
				00C821B61FB14EEF00FE9CED /* Products */,
			);
			sourceTree = "<group>";
		};
		00C821B61FB14EEF00FE9CED /* Products */ = {
			isa = PBXGroup;
			children = (
				00C821B51FB14EEF00FE9CED /* CalculatorForSwift.app */,
			);
			name = Products;
			sourceTree = "<group>";
		};
		00C821B71FB14EEF00FE9CED /* CalculatorForSwift */ = {
			isa = PBXGroup;
			children = (
				00C821B81FB14EEF00FE9CED /* AppDelegate.swift */,
				00C821BA1FB14EEF00FE9CED /* ViewController.swift */,
				00C821CC1FB1577900FE9CED /* NSObject+XZCalculator.swift */,
				00C821CA1FB14F1300FE9CED /* XZCalculator.swift */,
				00C821BC1FB14EEF00FE9CED /* Main.storyboard */,
				00C821BF1FB14EEF00FE9CED /* Assets.xcassets */,
				00C821C11FB14EEF00FE9CED /* LaunchScreen.storyboard */,
				00C821C41FB14EEF00FE9CED /* Info.plist */,
			);
			path = CalculatorForSwift;
			sourceTree = "<group>";
		};
/* End PBXGroup section */

/* Begin PBXNativeTarget section */
		00C821B41FB14EEF00FE9CED /* CalculatorForSwift */ = {
			isa = PBXNativeTarget;
			buildConfigurationList = 00C821C71FB14EEF00FE9CED /* Build configuration list for PBXNativeTarget "CalculatorForSwift" */;
			buildPhases = (
				00C821B11FB14EEF00FE9CED /* Sources */,
				00C821B21FB14EEF00FE9CED /* Frameworks */,
				00C821B31FB14EEF00FE9CED /* Resources */,
			);
			buildRules = (
			);
			dependencies = (
			);
			name = CalculatorForSwift;
			productName = CalculatorForSwift;
			productReference = 00C821B51FB14EEF00FE9CED /* CalculatorForSwift.app */;
			productType = "com.apple.product-type.application";
		};
/* End PBXNativeTarget section */

/* Begin PBXProject section */
		00C821AD1FB14EEF00FE9CED /* Project object */ = {
			isa = PBXProject;
			attributes = {
				LastSwiftUpdateCheck = 0910;
				LastUpgradeCheck = 0910;
				ORGANIZATIONNAME = aa;
				TargetAttributes = {
					00C821B41FB14EEF00FE9CED = {
						CreatedOnToolsVersion = 9.1;
						ProvisioningStyle = Automatic;
					};
				};
			};
			buildConfigurationList = 00C821B01FB14EEF00FE9CED /* Build configuration list for PBXProject "CalculatorForSwift" */;
			compatibilityVersion = "Xcode 8.0";
			developmentRegion = en;
			hasScannedForEncodings = 0;
			knownRegions = (
				en,
				Base,
			);
			mainGroup = 00C821AC1FB14EEF00FE9CED;
			productRefGroup = 00C821B61FB14EEF00FE9CED /* Products */;
			projectDirPath = "";
			projectRoot = "";
			targets = (
				00C821B41FB14EEF00FE9CED /* CalculatorForSwift */,
			);
		};
/* End PBXProject section */

/* Begin PBXResourcesBuildPhase section */
		00C821B31FB14EEF00FE9CED /* Resources */ = {
			isa = PBXResourcesBuildPhase;
			buildActionMask = 2147483647;
			files = (
				00C821C31FB14EEF00FE9CED /* LaunchScreen.storyboard in Resources */,
				00C821C01FB14EEF00FE9CED /* Assets.xcassets in Resources */,
				00C821BE1FB14EEF00FE9CED /* Main.storyboard in Resources */,
			);
			runOnlyForDeploymentPostprocessing = 0;
		};
/* End PBXResourcesBuildPhase section */

/* Begin PBXSourcesBuildPhase section */
		00C821B11FB14EEF00FE9CED /* Sources */ = {
			isa = PBXSourcesBuildPhase;
			buildActionMask = 2147483647;
			files = (
				00C821CD1FB1577900FE9CED /* NSObject+XZCalculator.swift in Sources */,
				00C821BB1FB14EEF00FE9CED /* ViewController.swift in Sources */,
				00C821B91FB14EEF00FE9CED /* AppDelegate.swift in Sources */,
				00C821CB1FB14F1300FE9CED /* XZCalculator.swift in Sources */,
			);
			runOnlyForDeploymentPostprocessing = 0;
		};
/* End PBXSourcesBuildPhase section */

/* Begin PBXVariantGroup section */
		00C821BC1FB14EEF00FE9CED /* Main.storyboard */ = {
			isa = PBXVariantGroup;
			children = (
				00C821BD1FB14EEF00FE9CED /* Base */,
			);
			name = Main.storyboard;
			sourceTree = "<group>";
		};
		00C821C11FB14EEF00FE9CED /* LaunchScreen.storyboard */ = {
			isa = PBXVariantGroup;
			children = (
				00C821C21FB14EEF00FE9CED /* Base */,
			);
			name = LaunchScreen.storyboard;
			sourceTree = "<group>";
		};
/* End PBXVariantGroup section */

/* Begin XCBuildConfiguration section */
		00C821C51FB14EEF00FE9CED /* Debug */ = {
			isa = XCBuildConfiguration;
			buildSettings = {
				ALWAYS_SEARCH_USER_PATHS = NO;
				CLANG_ANALYZER_NONNULL = YES;
				CLANG_ANALYZER_NUMBER_OBJECT_CONVERSION = YES_AGGRESSIVE;
				CLANG_CXX_LANGUAGE_STANDARD = "gnu++14";
				CLANG_CXX_LIBRARY = "libc++";
				CLANG_ENABLE_MODULES = YES;
				CLANG_ENABLE_OBJC_ARC = YES;
				CLANG_WARN_BLOCK_CAPTURE_AUTORELEASING = YES;
				CLANG_WARN_BOOL_CONVERSION = YES;
				CLANG_WARN_COMMA = YES;
				CLANG_WARN_CONSTANT_CONVERSION = YES;
				CLANG_WARN_DIRECT_OBJC_ISA_USAGE = YES_ERROR;
				CLANG_WARN_DOCUMENTATION_COMMENTS = YES;
				CLANG_WARN_EMPTY_BODY = YES;
				CLANG_WARN_ENUM_CONVERSION = YES;
				CLANG_WARN_INFINITE_RECURSION = YES;
				CLANG_WARN_INT_CONVERSION = YES;
				CLANG_WARN_NON_LITERAL_NULL_CONVERSION = YES;
				CLANG_WARN_OBJC_LITERAL_CONVERSION = YES;
				CLANG_WARN_OBJC_ROOT_CLASS = YES_ERROR;
				CLANG_WARN_RANGE_LOOP_ANALYSIS = YES;
				CLANG_WARN_STRICT_PROTOTYPES = YES;
				CLANG_WARN_SUSPICIOUS_MOVE = YES;
				CLANG_WARN_UNGUARDED_AVAILABILITY = YES_AGGRESSIVE;
				CLANG_WARN_UNREACHABLE_CODE = YES;
				CLANG_WARN__DUPLICATE_METHOD_MATCH = YES;
				CODE_SIGN_IDENTITY = "iPhone Developer";
				COPY_PHASE_STRIP = NO;
				DEBUG_INFORMATION_FORMAT = dwarf;
				ENABLE_STRICT_OBJC_MSGSEND = YES;
				ENABLE_TESTABILITY = YES;
				GCC_C_LANGUAGE_STANDARD = gnu11;
				GCC_DYNAMIC_NO_PIC = NO;
				GCC_NO_COMMON_BLOCKS = YES;
				GCC_OPTIMIZATION_LEVEL = 0;
				GCC_PREPROCESSOR_DEFINITIONS = (
					"DEBUG=1",
					"$(inherited)",
				);
				GCC_WARN_64_TO_32_BIT_CONVERSION = YES;
				GCC_WARN_ABOUT_RETURN_TYPE = YES_ERROR;
				GCC_WARN_UNDECLARED_SELECTOR = YES;
				GCC_WARN_UNINITIALIZED_AUTOS = YES_AGGRESSIVE;
				GCC_WARN_UNUSED_FUNCTION = YES;
				GCC_WARN_UNUSED_VARIABLE = YES;
				IPHONEOS_DEPLOYMENT_TARGET = 11.1;
				MTL_ENABLE_DEBUG_INFO = YES;
				ONLY_ACTIVE_ARCH = YES;
				SDKROOT = iphoneos;
				SWIFT_ACTIVE_COMPILATION_CONDITIONS = DEBUG;
				SWIFT_OPTIMIZATION_LEVEL = "-Onone";
			};
			name = Debug;
		};
		00C821C61FB14EEF00FE9CED /* Release */ = {
			isa = XCBuildConfiguration;
			buildSettings = {
				ALWAYS_SEARCH_USER_PATHS = NO;
				CLANG_ANALYZER_NONNULL = YES;
				CLANG_ANALYZER_NUMBER_OBJECT_CONVERSION = YES_AGGRESSIVE;
				CLANG_CXX_LANGUAGE_STANDARD = "gnu++14";
				CLANG_CXX_LIBRARY = "libc++";
				CLANG_ENABLE_MODULES = YES;
				CLANG_ENABLE_OBJC_ARC = YES;
				CLANG_WARN_BLOCK_CAPTURE_AUTORELEASING = YES;
				CLANG_WARN_BOOL_CONVERSION = YES;
				CLANG_WARN_COMMA = YES;
				CLANG_WARN_CONSTANT_CONVERSION = YES;
				CLANG_WARN_DIRECT_OBJC_ISA_USAGE = YES_ERROR;
				CLANG_WARN_DOCUMENTATION_COMMENTS = YES;
				CLANG_WARN_EMPTY_BODY = YES;
				CLANG_WARN_ENUM_CONVERSION = YES;
				CLANG_WARN_INFINITE_RECURSION = YES;
				CLANG_WARN_INT_CONVERSION = YES;
				CLANG_WARN_NON_LITERAL_NULL_CONVERSION = YES;
				CLANG_WARN_OBJC_LITERAL_CONVERSION = YES;
				CLANG_WARN_OBJC_ROOT_CLASS = YES_ERROR;
				CLANG_WARN_RANGE_LOOP_ANALYSIS = YES;
				CLANG_WARN_STRICT_PROTOTYPES = YES;
				CLANG_WARN_SUSPICIOUS_MOVE = YES;
				CLANG_WARN_UNGUARDED_AVAILABILITY = YES_AGGRESSIVE;
				CLANG_WARN_UNREACHABLE_CODE = YES;
				CLANG_WARN__DUPLICATE_METHOD_MATCH = YES;
				CODE_SIGN_IDENTITY = "iPhone Developer";
				COPY_PHASE_STRIP = NO;
				DEBUG_INFORMATION_FORMAT = "dwarf-with-dsym";
				ENABLE_NS_ASSERTIONS = NO;
				ENABLE_STRICT_OBJC_MSGSEND = YES;
				GCC_C_LANGUAGE_STANDARD = gnu11;
				GCC_NO_COMMON_BLOCKS = YES;
				GCC_WARN_64_TO_32_BIT_CONVERSION = YES;
				GCC_WARN_ABOUT_RETURN_TYPE = YES_ERROR;
				GCC_WARN_UNDECLARED_SELECTOR = YES;
				GCC_WARN_UNINITIALIZED_AUTOS = YES_AGGRESSIVE;
				GCC_WARN_UNUSED_FUNCTION = YES;
				GCC_WARN_UNUSED_VARIABLE = YES;
				IPHONEOS_DEPLOYMENT_TARGET = 11.1;
				MTL_ENABLE_DEBUG_INFO = NO;
				SDKROOT = iphoneos;
				SWIFT_OPTIMIZATION_LEVEL = "-Owholemodule";
				VALIDATE_PRODUCT = YES;
			};
			name = Release;
		};
		00C821C81FB14EEF00FE9CED /* Debug */ = {
			isa = XCBuildConfiguration;
			buildSettings = {
				ASSETCATALOG_COMPILER_APPICON_NAME = AppIcon;
				CODE_SIGN_STYLE = Automatic;
				INFOPLIST_FILE = CalculatorForSwift/Info.plist;
				LD_RUNPATH_SEARCH_PATHS = "$(inherited) @executable_path/Frameworks";
				PRODUCT_BUNDLE_IDENTIFIER = aa.CalculatorForSwift;
				PRODUCT_NAME = "$(TARGET_NAME)";
				SWIFT_VERSION = 4.0;
				TARGETED_DEVICE_FAMILY = "1,2";
			};
			name = Debug;
		};
		00C821C91FB14EEF00FE9CED /* Release */ = {
			isa = XCBuildConfiguration;
			buildSettings = {
				ASSETCATALOG_COMPILER_APPICON_NAME = AppIcon;
				CODE_SIGN_STYLE = Automatic;
				INFOPLIST_FILE = CalculatorForSwift/Info.plist;
				LD_RUNPATH_SEARCH_PATHS = "$(inherited) @executable_path/Frameworks";
				PRODUCT_BUNDLE_IDENTIFIER = aa.CalculatorForSwift;
				PRODUCT_NAME = "$(TARGET_NAME)";
				SWIFT_VERSION = 4.0;
				TARGETED_DEVICE_FAMILY = "1,2";
			};
			name = Release;
		};
/* End XCBuildConfiguration section */

/* Begin XCConfigurationList section */
		00C821B01FB14EEF00FE9CED /* Build configuration list for PBXProject "CalculatorForSwift" */ = {
			isa = XCConfigurationList;
			buildConfigurations = (
				00C821C51FB14EEF00FE9CED /* Debug */,
				00C821C61FB14EEF00FE9CED /* Release */,
			);
			defaultConfigurationIsVisible = 0;
			defaultConfigurationName = Release;
		};
		00C821C71FB14EEF00FE9CED /* Build configuration list for PBXNativeTarget "CalculatorForSwift" */ = {
			isa = XCConfigurationList;
			buildConfigurations = (
				00C821C81FB14EEF00FE9CED /* Debug */,
				00C821C91FB14EEF00FE9CED /* Release */,
			);
			defaultConfigurationIsVisible = 0;
			defaultConfigurationName = Release;
		};
/* End XCConfigurationList section */
	};
	rootObject = 00C821AD1FB14EEF00FE9CED /* Project object */;
}
